// !$*UTF8*$!
{
	archiveVersion = 1;
	classes = {
	};
	objectVersion = 56;
	objects = {

/* Begin PBXBuildFile section */
		FCA2F82D2B8CEF4800D6C12F /* AppDelegate.swift in Sources */ = {isa = PBXBuildFile; fileRef = FCA2F82C2B8CEF4800D6C12F /* AppDelegate.swift */; };
		FCA2F82F2B8CEF4800D6C12F /* SceneDelegate.swift in Sources */ = {isa = PBXBuildFile; fileRef = FCA2F82E2B8CEF4800D6C12F /* SceneDelegate.swift */; };
		FCA2F8312B8CEF4800D6C12F /* ViewController.swift in Sources */ = {isa = PBXBuildFile; fileRef = FCA2F8302B8CEF4800D6C12F /* ViewController.swift */; };
		FCA2F8342B8CEF4800D6C12F /* Main.storyboard in Resources */ = {isa = PBXBuildFile; fileRef = FCA2F8322B8CEF4800D6C12F /* Main.storyboard */; };
		FCA2F8362B8CEF4900D6C12F /* Assets.xcassets in Resources */ = {isa = PBXBuildFile; fileRef = FCA2F8352B8CEF4900D6C12F /* Assets.xcassets */; };
		FCA2F8392B8CEF4900D6C12F /* LaunchScreen.storyboard in Resources */ = {isa = PBXBuildFile; fileRef = FCA2F8372B8CEF4900D6C12F /* LaunchScreen.storyboard */; };
		FCA2F8442B8CEF4900D6C12F /* NYTimesTests.swift in Sources */ = {isa = PBXBuildFile; fileRef = FCA2F8432B8CEF4900D6C12F /* NYTimesTests.swift */; };
		FCA2F84E2B8CEF4900D6C12F /* NYTimesUITests.swift in Sources */ = {isa = PBXBuildFile; fileRef = FCA2F84D2B8CEF4900D6C12F /* NYTimesUITests.swift */; };
		FCA2F8502B8CEF4900D6C12F /* NYTimesUITestsLaunchTests.swift in Sources */ = {isa = PBXBuildFile; fileRef = FCA2F84F2B8CEF4900D6C12F /* NYTimesUITestsLaunchTests.swift */; };
		FCA2F87D2B8CF06100D6C12F /* HomeViewModel.swift in Sources */ = {isa = PBXBuildFile; fileRef = FCA2F85F2B8CF06100D6C12F /* HomeViewModel.swift */; };
		FCA2F87E2B8CF06100D6C12F /* HomeDelegates.swift in Sources */ = {isa = PBXBuildFile; fileRef = FCA2F8612B8CF06100D6C12F /* HomeDelegates.swift */; };
		FCA2F87F2B8CF06100D6C12F /* NewsModel.swift in Sources */ = {isa = PBXBuildFile; fileRef = FCA2F8632B8CF06100D6C12F /* NewsModel.swift */; };
		FCA2F8802B8CF06100D6C12F /* HomeViewController.swift in Sources */ = {isa = PBXBuildFile; fileRef = FCA2F8652B8CF06100D6C12F /* HomeViewController.swift */; };
		FCA2F8812B8CF06100D6C12F /* NewsTableViewCell.xib in Resources */ = {isa = PBXBuildFile; fileRef = FCA2F8662B8CF06100D6C12F /* NewsTableViewCell.xib */; };
		FCA2F8822B8CF06100D6C12F /* NewsTableViewCell.swift in Sources */ = {isa = PBXBuildFile; fileRef = FCA2F8672B8CF06100D6C12F /* NewsTableViewCell.swift */; };
		FCA2F8832B8CF06100D6C12F /* ArticleDetailViewModel.swift in Sources */ = {isa = PBXBuildFile; fileRef = FCA2F86A2B8CF06100D6C12F /* ArticleDetailViewModel.swift */; };
		FCA2F8842B8CF06100D6C12F /* ArticleDetailsModel.swift in Sources */ = {isa = PBXBuildFile; fileRef = FCA2F86C2B8CF06100D6C12F /* ArticleDetailsModel.swift */; };
		FCA2F8852B8CF06100D6C12F /* ArticleDetailViewController.swift in Sources */ = {isa = PBXBuildFile; fileRef = FCA2F86E2B8CF06100D6C12F /* ArticleDetailViewController.swift */; };
		FCA2F8862B8CF06100D6C12F /* ArticleDetailTableViewCell.swift in Sources */ = {isa = PBXBuildFile; fileRef = FCA2F86F2B8CF06100D6C12F /* ArticleDetailTableViewCell.swift */; };
		FCA2F8872B8CF06100D6C12F /* ArticleDetailTableViewCell.xib in Resources */ = {isa = PBXBuildFile; fileRef = FCA2F8702B8CF06100D6C12F /* ArticleDetailTableViewCell.xib */; };
		FCA2F8882B8CF06100D6C12F /* Constants.swift in Sources */ = {isa = PBXBuildFile; fileRef = FCA2F8722B8CF06100D6C12F /* Constants.swift */; };
		FCA2F8892B8CF06100D6C12F /* DownloaderManager.swift in Sources */ = {isa = PBXBuildFile; fileRef = FCA2F8732B8CF06100D6C12F /* DownloaderManager.swift */; };
		FCA2F88A2B8CF06100D6C12F /* AppEnums.swift in Sources */ = {isa = PBXBuildFile; fileRef = FCA2F8752B8CF06100D6C12F /* AppEnums.swift */; };
		FCA2F88B2B8CF06100D6C12F /* common.swift in Sources */ = {isa = PBXBuildFile; fileRef = FCA2F8762B8CF06100D6C12F /* common.swift */; };
		FCA2F88C2B8CF06100D6C12F /* Localizable.strings in Resources */ = {isa = PBXBuildFile; fileRef = FCA2F8772B8CF06100D6C12F /* Localizable.strings */; };
		FCA2F88E2B8CF06100D6C12F /* URLRequest.swift in Sources */ = {isa = PBXBuildFile; fileRef = FCA2F87A2B8CF06100D6C12F /* URLRequest.swift */; };
		FCA2F88F2B8CF06100D6C12F /* WebServices.swift in Sources */ = {isa = PBXBuildFile; fileRef = FCA2F87B2B8CF06100D6C12F /* WebServices.swift */; };
/* End PBXBuildFile section */

/* Begin PBXContainerItemProxy section */
		FCA2F8402B8CEF4900D6C12F /* PBXContainerItemProxy */ = {
			isa = PBXContainerItemProxy;
			containerPortal = FCA2F8212B8CEF4700D6C12F /* Project object */;
			proxyType = 1;
			remoteGlobalIDString = FCA2F8282B8CEF4800D6C12F;
			remoteInfo = NYTimes;
		};
		FCA2F84A2B8CEF4900D6C12F /* PBXContainerItemProxy */ = {
			isa = PBXContainerItemProxy;
			containerPortal = FCA2F8212B8CEF4700D6C12F /* Project object */;
			proxyType = 1;
			remoteGlobalIDString = FCA2F8282B8CEF4800D6C12F;
			remoteInfo = NYTimes;
		};
/* End PBXContainerItemProxy section */

/* Begin PBXFileReference section */
		FCA2F8292B8CEF4800D6C12F /* NYTimes.app */ = {isa = PBXFileReference; explicitFileType = wrapper.application; includeInIndex = 0; path = NYTimes.app; sourceTree = BUILT_PRODUCTS_DIR; };
		FCA2F82C2B8CEF4800D6C12F /* AppDelegate.swift */ = {isa = PBXFileReference; lastKnownFileType = sourcecode.swift; path = AppDelegate.swift; sourceTree = "<group>"; };
		FCA2F82E2B8CEF4800D6C12F /* SceneDelegate.swift */ = {isa = PBXFileReference; lastKnownFileType = sourcecode.swift; path = SceneDelegate.swift; sourceTree = "<group>"; };
		FCA2F8302B8CEF4800D6C12F /* ViewController.swift */ = {isa = PBXFileReference; lastKnownFileType = sourcecode.swift; path = ViewController.swift; sourceTree = "<group>"; };
		FCA2F8332B8CEF4800D6C12F /* Base */ = {isa = PBXFileReference; lastKnownFileType = file.storyboard; name = Base; path = Base.lproj/Main.storyboard; sourceTree = "<group>"; };
		FCA2F8352B8CEF4900D6C12F /* Assets.xcassets */ = {isa = PBXFileReference; lastKnownFileType = folder.assetcatalog; path = Assets.xcassets; sourceTree = "<group>"; };
		FCA2F8382B8CEF4900D6C12F /* Base */ = {isa = PBXFileReference; lastKnownFileType = file.storyboard; name = Base; path = Base.lproj/LaunchScreen.storyboard; sourceTree = "<group>"; };
		FCA2F83A2B8CEF4900D6C12F /* Info.plist */ = {isa = PBXFileReference; lastKnownFileType = text.plist.xml; path = Info.plist; sourceTree = "<group>"; };
		FCA2F83F2B8CEF4900D6C12F /* NYTimesTests.xctest */ = {isa = PBXFileReference; explicitFileType = wrapper.cfbundle; includeInIndex = 0; path = NYTimesTests.xctest; sourceTree = BUILT_PRODUCTS_DIR; };
		FCA2F8432B8CEF4900D6C12F /* NYTimesTests.swift */ = {isa = PBXFileReference; lastKnownFileType = sourcecode.swift; path = NYTimesTests.swift; sourceTree = "<group>"; };
		FCA2F8492B8CEF4900D6C12F /* NYTimesUITests.xctest */ = {isa = PBXFileReference; explicitFileType = wrapper.cfbundle; includeInIndex = 0; path = NYTimesUITests.xctest; sourceTree = BUILT_PRODUCTS_DIR; };
		FCA2F84D2B8CEF4900D6C12F /* NYTimesUITests.swift */ = {isa = PBXFileReference; lastKnownFileType = sourcecode.swift; path = NYTimesUITests.swift; sourceTree = "<group>"; };
		FCA2F84F2B8CEF4900D6C12F /* NYTimesUITestsLaunchTests.swift */ = {isa = PBXFileReference; lastKnownFileType = sourcecode.swift; path = NYTimesUITestsLaunchTests.swift; sourceTree = "<group>"; };
		FCA2F85F2B8CF06100D6C12F /* HomeViewModel.swift */ = {isa = PBXFileReference; fileEncoding = 4; lastKnownFileType = sourcecode.swift; path = HomeViewModel.swift; sourceTree = "<group>"; };
		FCA2F8612B8CF06100D6C12F /* HomeDelegates.swift */ = {isa = PBXFileReference; fileEncoding = 4; lastKnownFileType = sourcecode.swift; path = HomeDelegates.swift; sourceTree = "<group>"; };
		FCA2F8632B8CF06100D6C12F /* NewsModel.swift */ = {isa = PBXFileReference; fileEncoding = 4; lastKnownFileType = sourcecode.swift; path = NewsModel.swift; sourceTree = "<group>"; };
		FCA2F8652B8CF06100D6C12F /* HomeViewController.swift */ = {isa = PBXFileReference; fileEncoding = 4; lastKnownFileType = sourcecode.swift; path = HomeViewController.swift; sourceTree = "<group>"; };
		FCA2F8662B8CF06100D6C12F /* NewsTableViewCell.xib */ = {isa = PBXFileReference; fileEncoding = 4; lastKnownFileType = file.xib; path = NewsTableViewCell.xib; sourceTree = "<group>"; };
		FCA2F8672B8CF06100D6C12F /* NewsTableViewCell.swift */ = {isa = PBXFileReference; fileEncoding = 4; lastKnownFileType = sourcecode.swift; path = NewsTableViewCell.swift; sourceTree = "<group>"; };
		FCA2F86A2B8CF06100D6C12F /* ArticleDetailViewModel.swift */ = {isa = PBXFileReference; fileEncoding = 4; lastKnownFileType = sourcecode.swift; path = ArticleDetailViewModel.swift; sourceTree = "<group>"; };
		FCA2F86C2B8CF06100D6C12F /* ArticleDetailsModel.swift */ = {isa = PBXFileReference; fileEncoding = 4; lastKnownFileType = sourcecode.swift; path = ArticleDetailsModel.swift; sourceTree = "<group>"; };
		FCA2F86E2B8CF06100D6C12F /* ArticleDetailViewController.swift */ = {isa = PBXFileReference; fileEncoding = 4; lastKnownFileType = sourcecode.swift; path = ArticleDetailViewController.swift; sourceTree = "<group>"; };
		FCA2F86F2B8CF06100D6C12F /* ArticleDetailTableViewCell.swift */ = {isa = PBXFileReference; fileEncoding = 4; lastKnownFileType = sourcecode.swift; path = ArticleDetailTableViewCell.swift; sourceTree = "<group>"; };
		FCA2F8702B8CF06100D6C12F /* ArticleDetailTableViewCell.xib */ = {isa = PBXFileReference; fileEncoding = 4; lastKnownFileType = file.xib; path = ArticleDetailTableViewCell.xib; sourceTree = "<group>"; };
		FCA2F8722B8CF06100D6C12F /* Constants.swift */ = {isa = PBXFileReference; fileEncoding = 4; lastKnownFileType = sourcecode.swift; path = Constants.swift; sourceTree = "<group>"; };
		FCA2F8732B8CF06100D6C12F /* DownloaderManager.swift */ = {isa = PBXFileReference; fileEncoding = 4; lastKnownFileType = sourcecode.swift; path = DownloaderManager.swift; sourceTree = "<group>"; };
		FCA2F8752B8CF06100D6C12F /* AppEnums.swift */ = {isa = PBXFileReference; fileEncoding = 4; lastKnownFileType = sourcecode.swift; path = AppEnums.swift; sourceTree = "<group>"; };
		FCA2F8762B8CF06100D6C12F /* common.swift */ = {isa = PBXFileReference; fileEncoding = 4; lastKnownFileType = sourcecode.swift; path = common.swift; sourceTree = "<group>"; };
		FCA2F8772B8CF06100D6C12F /* Localizable.strings */ = {isa = PBXFileReference; fileEncoding = 4; lastKnownFileType = text.plist.strings; path = Localizable.strings; sourceTree = "<group>"; };
		FCA2F87A2B8CF06100D6C12F /* URLRequest.swift */ = {isa = PBXFileReference; fileEncoding = 4; lastKnownFileType = sourcecode.swift; path = URLRequest.swift; sourceTree = "<group>"; };
		FCA2F87B2B8CF06100D6C12F /* WebServices.swift */ = {isa = PBXFileReference; fileEncoding = 4; lastKnownFileType = sourcecode.swift; path = WebServices.swift; sourceTree = "<group>"; };
/* End PBXFileReference section */

/* Begin PBXFrameworksBuildPhase section */
		FCA2F8262B8CEF4800D6C12F /* Frameworks */ = {
			isa = PBXFrameworksBuildPhase;
			buildActionMask = 2147483647;
			files = (
			);
			runOnlyForDeploymentPostprocessing = 0;
		};
		FCA2F83C2B8CEF4900D6C12F /* Frameworks */ = {
			isa = PBXFrameworksBuildPhase;
			buildActionMask = 2147483647;
			files = (
			);
			runOnlyForDeploymentPostprocessing = 0;
		};
		FCA2F8462B8CEF4900D6C12F /* Frameworks */ = {
			isa = PBXFrameworksBuildPhase;
			buildActionMask = 2147483647;
			files = (
			);
			runOnlyForDeploymentPostprocessing = 0;
		};
/* End PBXFrameworksBuildPhase section */

/* Begin PBXGroup section */
		FCA2F8202B8CEF4700D6C12F = {
			isa = PBXGroup;
			children = (
				FCA2F82B2B8CEF4800D6C12F /* NYTimes */,
				FCA2F8422B8CEF4900D6C12F /* NYTimesTests */,
				FCA2F84C2B8CEF4900D6C12F /* NYTimesUITests */,
				FCA2F82A2B8CEF4800D6C12F /* Products */,
			);
			sourceTree = "<group>";
		};
		FCA2F82A2B8CEF4800D6C12F /* Products */ = {
			isa = PBXGroup;
			children = (
				FCA2F8292B8CEF4800D6C12F /* NYTimes.app */,
				FCA2F83F2B8CEF4900D6C12F /* NYTimesTests.xctest */,
				FCA2F8492B8CEF4900D6C12F /* NYTimesUITests.xctest */,
			);
			name = Products;
			sourceTree = "<group>";
		};
		FCA2F82B2B8CEF4800D6C12F /* NYTimes */ = {
			isa = PBXGroup;
			children = (
				FCA2F8712B8CF06100D6C12F /* Common */,
				FCA2F85C2B8CF06100D6C12F /* Screens */,
				FCA2F82C2B8CEF4800D6C12F /* AppDelegate.swift */,
				FCA2F82E2B8CEF4800D6C12F /* SceneDelegate.swift */,
				FCA2F8302B8CEF4800D6C12F /* ViewController.swift */,
				FCA2F8322B8CEF4800D6C12F /* Main.storyboard */,
				FCA2F8352B8CEF4900D6C12F /* Assets.xcassets */,
				FCA2F8372B8CEF4900D6C12F /* LaunchScreen.storyboard */,
				FCA2F83A2B8CEF4900D6C12F /* Info.plist */,
			);
			path = NYTimes;
			sourceTree = "<group>";
		};
		FCA2F8422B8CEF4900D6C12F /* NYTimesTests */ = {
			isa = PBXGroup;
			children = (
				FCA2F8432B8CEF4900D6C12F /* NYTimesTests.swift */,
			);
			path = NYTimesTests;
			sourceTree = "<group>";
		};
		FCA2F84C2B8CEF4900D6C12F /* NYTimesUITests */ = {
			isa = PBXGroup;
			children = (
				FCA2F84D2B8CEF4900D6C12F /* NYTimesUITests.swift */,
				FCA2F84F2B8CEF4900D6C12F /* NYTimesUITestsLaunchTests.swift */,
			);
			path = NYTimesUITests;
			sourceTree = "<group>";
		};
		FCA2F85C2B8CF06100D6C12F /* Screens */ = {
			isa = PBXGroup;
			children = (
				FCA2F85D2B8CF06100D6C12F /* Home */,
				FCA2F8682B8CF06100D6C12F /* ArticleDetails */,
			);
			path = Screens;
			sourceTree = "<group>";
		};
		FCA2F85D2B8CF06100D6C12F /* Home */ = {
			isa = PBXGroup;
			children = (
				FCA2F85E2B8CF06100D6C12F /* viewModel */,
				FCA2F8602B8CF06100D6C12F /* common */,
				FCA2F8622B8CF06100D6C12F /* model */,
				FCA2F8642B8CF06100D6C12F /* view */,
			);
			path = Home;
			sourceTree = "<group>";
		};
		FCA2F85E2B8CF06100D6C12F /* viewModel */ = {
			isa = PBXGroup;
			children = (
				FCA2F85F2B8CF06100D6C12F /* HomeViewModel.swift */,
			);
			path = viewModel;
			sourceTree = "<group>";
		};
		FCA2F8602B8CF06100D6C12F /* common */ = {
			isa = PBXGroup;
			children = (
				FCA2F8612B8CF06100D6C12F /* HomeDelegates.swift */,
			);
			path = common;
			sourceTree = "<group>";
		};
		FCA2F8622B8CF06100D6C12F /* model */ = {
			isa = PBXGroup;
			children = (
				FCA2F8632B8CF06100D6C12F /* NewsModel.swift */,
			);
			path = model;
			sourceTree = "<group>";
		};
		FCA2F8642B8CF06100D6C12F /* view */ = {
			isa = PBXGroup;
			children = (
				FCA2F8652B8CF06100D6C12F /* HomeViewController.swift */,
				FCA2F8662B8CF06100D6C12F /* NewsTableViewCell.xib */,
				FCA2F8672B8CF06100D6C12F /* NewsTableViewCell.swift */,
			);
			path = view;
			sourceTree = "<group>";
		};
		FCA2F8682B8CF06100D6C12F /* ArticleDetails */ = {
			isa = PBXGroup;
			children = (
				FCA2F8692B8CF06100D6C12F /* viewModel */,
				FCA2F86B2B8CF06100D6C12F /* model */,
				FCA2F86D2B8CF06100D6C12F /* views */,
			);
			path = ArticleDetails;
			sourceTree = "<group>";
		};
		FCA2F8692B8CF06100D6C12F /* viewModel */ = {
			isa = PBXGroup;
			children = (
				FCA2F86A2B8CF06100D6C12F /* ArticleDetailViewModel.swift */,
			);
			path = viewModel;
			sourceTree = "<group>";
		};
		FCA2F86B2B8CF06100D6C12F /* model */ = {
			isa = PBXGroup;
			children = (
				FCA2F86C2B8CF06100D6C12F /* ArticleDetailsModel.swift */,
			);
			path = model;
			sourceTree = "<group>";
		};
		FCA2F86D2B8CF06100D6C12F /* views */ = {
			isa = PBXGroup;
			children = (
				FCA2F86E2B8CF06100D6C12F /* ArticleDetailViewController.swift */,
				FCA2F86F2B8CF06100D6C12F /* ArticleDetailTableViewCell.swift */,
				FCA2F8702B8CF06100D6C12F /* ArticleDetailTableViewCell.xib */,
			);
			path = views;
			sourceTree = "<group>";
		};
		FCA2F8712B8CF06100D6C12F /* Common */ = {
			isa = PBXGroup;
			children = (
				FCA2F8722B8CF06100D6C12F /* Constants.swift */,
				FCA2F8732B8CF06100D6C12F /* DownloaderManager.swift */,
				FCA2F8742B8CF06100D6C12F /* Enumerations */,
				FCA2F8762B8CF06100D6C12F /* common.swift */,
				FCA2F8772B8CF06100D6C12F /* Localizable.strings */,
				FCA2F8792B8CF06100D6C12F /* Web Services */,
			);
			path = Common;
			sourceTree = "<group>";
		};
		FCA2F8742B8CF06100D6C12F /* Enumerations */ = {
			isa = PBXGroup;
			children = (
				FCA2F8752B8CF06100D6C12F /* AppEnums.swift */,
			);
			path = Enumerations;
			sourceTree = "<group>";
		};
		FCA2F8792B8CF06100D6C12F /* Web Services */ = {
			isa = PBXGroup;
			children = (
				FCA2F87A2B8CF06100D6C12F /* URLRequest.swift */,
				FCA2F87B2B8CF06100D6C12F /* WebServices.swift */,
			);
			path = "Web Services";
			sourceTree = "<group>";
		};
/* End PBXGroup section */

/* Begin PBXNativeTarget section */
		FCA2F8282B8CEF4800D6C12F /* NYTimes */ = {
			isa = PBXNativeTarget;
			buildConfigurationList = FCA2F8532B8CEF4900D6C12F /* Build configuration list for PBXNativeTarget "NYTimes" */;
			buildPhases = (
				FCA2F8252B8CEF4800D6C12F /* Sources */,
				FCA2F8262B8CEF4800D6C12F /* Frameworks */,
				FCA2F8272B8CEF4800D6C12F /* Resources */,
			);
			buildRules = (
			);
			dependencies = (
			);
			name = NYTimes;
			productName = NYTimes;
			productReference = FCA2F8292B8CEF4800D6C12F /* NYTimes.app */;
			productType = "com.apple.product-type.application";
		};
		FCA2F83E2B8CEF4900D6C12F /* NYTimesTests */ = {
			isa = PBXNativeTarget;
			buildConfigurationList = FCA2F8562B8CEF4900D6C12F /* Build configuration list for PBXNativeTarget "NYTimesTests" */;
			buildPhases = (
				FCA2F83B2B8CEF4900D6C12F /* Sources */,
				FCA2F83C2B8CEF4900D6C12F /* Frameworks */,
				FCA2F83D2B8CEF4900D6C12F /* Resources */,
			);
			buildRules = (
			);
			dependencies = (
				FCA2F8412B8CEF4900D6C12F /* PBXTargetDependency */,
			);
			name = NYTimesTests;
			productName = NYTimesTests;
			productReference = FCA2F83F2B8CEF4900D6C12F /* NYTimesTests.xctest */;
			productType = "com.apple.product-type.bundle.unit-test";
		};
		FCA2F8482B8CEF4900D6C12F /* NYTimesUITests */ = {
			isa = PBXNativeTarget;
			buildConfigurationList = FCA2F8592B8CEF4900D6C12F /* Build configuration list for PBXNativeTarget "NYTimesUITests" */;
			buildPhases = (
				FCA2F8452B8CEF4900D6C12F /* Sources */,
				FCA2F8462B8CEF4900D6C12F /* Frameworks */,
				FCA2F8472B8CEF4900D6C12F /* Resources */,
			);
			buildRules = (
			);
			dependencies = (
				FCA2F84B2B8CEF4900D6C12F /* PBXTargetDependency */,
			);
			name = NYTimesUITests;
			productName = NYTimesUITests;
			productReference = FCA2F8492B8CEF4900D6C12F /* NYTimesUITests.xctest */;
			productType = "com.apple.product-type.bundle.ui-testing";
		};
/* End PBXNativeTarget section */

/* Begin PBXProject section */
		FCA2F8212B8CEF4700D6C12F /* Project object */ = {
			isa = PBXProject;
			attributes = {
				BuildIndependentTargetsInParallel = 1;
				LastSwiftUpdateCheck = 1510;
				LastUpgradeCheck = 1510;
				TargetAttributes = {
					FCA2F8282B8CEF4800D6C12F = {
						CreatedOnToolsVersion = 15.1;
					};
					FCA2F83E2B8CEF4900D6C12F = {
						CreatedOnToolsVersion = 15.1;
						TestTargetID = FCA2F8282B8CEF4800D6C12F;
					};
					FCA2F8482B8CEF4900D6C12F = {
						CreatedOnToolsVersion = 15.1;
						TestTargetID = FCA2F8282B8CEF4800D6C12F;
					};
				};
			};
			buildConfigurationList = FCA2F8242B8CEF4700D6C12F /* Build configuration list for PBXProject "NYTimes" */;
			compatibilityVersion = "Xcode 14.0";
			developmentRegion = en;
			hasScannedForEncodings = 0;
			knownRegions = (
				en,
				Base,
			);
			mainGroup = FCA2F8202B8CEF4700D6C12F;
			productRefGroup = FCA2F82A2B8CEF4800D6C12F /* Products */;
			projectDirPath = "";
			projectRoot = "";
			targets = (
				FCA2F8282B8CEF4800D6C12F /* NYTimes */,
				FCA2F83E2B8CEF4900D6C12F /* NYTimesTests */,
				FCA2F8482B8CEF4900D6C12F /* NYTimesUITests */,
			);
		};
/* End PBXProject section */

/* Begin PBXResourcesBuildPhase section */
		FCA2F8272B8CEF4800D6C12F /* Resources */ = {
			isa = PBXResourcesBuildPhase;
			buildActionMask = 2147483647;
			files = (
				FCA2F8392B8CEF4900D6C12F /* LaunchScreen.storyboard in Resources */,
				FCA2F88C2B8CF06100D6C12F /* Localizable.strings in Resources */,
				FCA2F8362B8CEF4900D6C12F /* Assets.xcassets in Resources */,
				FCA2F8812B8CF06100D6C12F /* NewsTableViewCell.xib in Resources */,
				FCA2F8872B8CF06100D6C12F /* ArticleDetailTableViewCell.xib in Resources */,
				FCA2F8342B8CEF4800D6C12F /* Main.storyboard in Resources */,
			);
			runOnlyForDeploymentPostprocessing = 0;
		};
		FCA2F83D2B8CEF4900D6C12F /* Resources */ = {
			isa = PBXResourcesBuildPhase;
			buildActionMask = 2147483647;
			files = (
			);
			runOnlyForDeploymentPostprocessing = 0;
		};
		FCA2F8472B8CEF4900D6C12F /* Resources */ = {
			isa = PBXResourcesBuildPhase;
			buildActionMask = 2147483647;
			files = (
			);
			runOnlyForDeploymentPostprocessing = 0;
		};
/* End PBXResourcesBuildPhase section */

/* Begin PBXSourcesBuildPhase section */
		FCA2F8252B8CEF4800D6C12F /* Sources */ = {
			isa = PBXSourcesBuildPhase;
			buildActionMask = 2147483647;
			files = (
				FCA2F88B2B8CF06100D6C12F /* common.swift in Sources */,
				FCA2F87F2B8CF06100D6C12F /* NewsModel.swift in Sources */,
				FCA2F88A2B8CF06100D6C12F /* AppEnums.swift in Sources */,
				FCA2F8312B8CEF4800D6C12F /* ViewController.swift in Sources */,
				FCA2F8862B8CF06100D6C12F /* ArticleDetailTableViewCell.swift in Sources */,
				FCA2F8822B8CF06100D6C12F /* NewsTableViewCell.swift in Sources */,
				FCA2F88F2B8CF06100D6C12F /* WebServices.swift in Sources */,
				FCA2F82D2B8CEF4800D6C12F /* AppDelegate.swift in Sources */,
				FCA2F87E2B8CF06100D6C12F /* HomeDelegates.swift in Sources */,
				FCA2F8842B8CF06100D6C12F /* ArticleDetailsModel.swift in Sources */,
				FCA2F8882B8CF06100D6C12F /* Constants.swift in Sources */,
				FCA2F8892B8CF06100D6C12F /* DownloaderManager.swift in Sources */,
				FCA2F8832B8CF06100D6C12F /* ArticleDetailViewModel.swift in Sources */,
				FCA2F82F2B8CEF4800D6C12F /* SceneDelegate.swift in Sources */,
				FCA2F8802B8CF06100D6C12F /* HomeViewController.swift in Sources */,
				FCA2F87D2B8CF06100D6C12F /* HomeViewModel.swift in Sources */,
				FCA2F88E2B8CF06100D6C12F /* URLRequest.swift in Sources */,
				FCA2F8852B8CF06100D6C12F /* ArticleDetailViewController.swift in Sources */,
			);
			runOnlyForDeploymentPostprocessing = 0;
		};
		FCA2F83B2B8CEF4900D6C12F /* Sources */ = {
			isa = PBXSourcesBuildPhase;
			buildActionMask = 2147483647;
			files = (
				FCA2F8442B8CEF4900D6C12F /* NYTimesTests.swift in Sources */,
			);
			runOnlyForDeploymentPostprocessing = 0;
		};
		FCA2F8452B8CEF4900D6C12F /* Sources */ = {
			isa = PBXSourcesBuildPhase;
			buildActionMask = 2147483647;
			files = (
				FCA2F8502B8CEF4900D6C12F /* NYTimesUITestsLaunchTests.swift in Sources */,
				FCA2F84E2B8CEF4900D6C12F /* NYTimesUITests.swift in Sources */,
			);
			runOnlyForDeploymentPostprocessing = 0;
		};
/* End PBXSourcesBuildPhase section */

/* Begin PBXTargetDependency section */
		FCA2F8412B8CEF4900D6C12F /* PBXTargetDependency */ = {
			isa = PBXTargetDependency;
			target = FCA2F8282B8CEF4800D6C12F /* NYTimes */;
			targetProxy = FCA2F8402B8CEF4900D6C12F /* PBXContainerItemProxy */;
		};
		FCA2F84B2B8CEF4900D6C12F /* PBXTargetDependency */ = {
			isa = PBXTargetDependency;
			target = FCA2F8282B8CEF4800D6C12F /* NYTimes */;
			targetProxy = FCA2F84A2B8CEF4900D6C12F /* PBXContainerItemProxy */;
		};
/* End PBXTargetDependency section */

/* Begin PBXVariantGroup section */
		FCA2F8322B8CEF4800D6C12F /* Main.storyboard */ = {
			isa = PBXVariantGroup;
			children = (
				FCA2F8332B8CEF4800D6C12F /* Base */,
			);
			name = Main.storyboard;
			sourceTree = "<group>";
		};
		FCA2F8372B8CEF4900D6C12F /* LaunchScreen.storyboard */ = {
			isa = PBXVariantGroup;
			children = (
				FCA2F8382B8CEF4900D6C12F /* Base */,
			);
			name = LaunchScreen.storyboard;
			sourceTree = "<group>";
		};
/* End PBXVariantGroup section */

/* Begin XCBuildConfiguration section */
		FCA2F8512B8CEF4900D6C12F /* Debug */ = {
			isa = XCBuildConfiguration;
			buildSettings = {
				ALWAYS_SEARCH_USER_PATHS = NO;
				ASSETCATALOG_COMPILER_GENERATE_SWIFT_ASSET_SYMBOL_EXTENSIONS = YES;
				CLANG_ANALYZER_NONNULL = YES;
				CLANG_ANALYZER_NUMBER_OBJECT_CONVERSION = YES_AGGRESSIVE;
				CLANG_CXX_LANGUAGE_STANDARD = "gnu++20";
				CLANG_ENABLE_MODULES = YES;
				CLANG_ENABLE_OBJC_ARC = YES;
				CLANG_ENABLE_OBJC_WEAK = YES;
				CLANG_WARN_BLOCK_CAPTURE_AUTORELEASING = YES;
				CLANG_WARN_BOOL_CONVERSION = YES;
				CLANG_WARN_COMMA = YES;
				CLANG_WARN_CONSTANT_CONVERSION = YES;
				CLANG_WARN_DEPRECATED_OBJC_IMPLEMENTATIONS = YES;
				CLANG_WARN_DIRECT_OBJC_ISA_USAGE = YES_ERROR;
				CLANG_WARN_DOCUMENTATION_COMMENTS = YES;
				CLANG_WARN_EMPTY_BODY = YES;
				CLANG_WARN_ENUM_CONVERSION = YES;
				CLANG_WARN_INFINITE_RECURSION = YES;
				CLANG_WARN_INT_CONVERSION = YES;
				CLANG_WARN_NON_LITERAL_NULL_CONVERSION = YES;
				CLANG_WARN_OBJC_IMPLICIT_RETAIN_SELF = YES;
				CLANG_WARN_OBJC_LITERAL_CONVERSION = YES;
				CLANG_WARN_OBJC_ROOT_CLASS = YES_ERROR;
				CLANG_WARN_QUOTED_INCLUDE_IN_FRAMEWORK_HEADER = YES;
				CLANG_WARN_RANGE_LOOP_ANALYSIS = YES;
				CLANG_WARN_STRICT_PROTOTYPES = YES;
				CLANG_WARN_SUSPICIOUS_MOVE = YES;
				CLANG_WARN_UNGUARDED_AVAILABILITY = YES_AGGRESSIVE;
				CLANG_WARN_UNREACHABLE_CODE = YES;
				CLANG_WARN__DUPLICATE_METHOD_MATCH = YES;
				COPY_PHASE_STRIP = NO;
				DEBUG_INFORMATION_FORMAT = dwarf;
				ENABLE_STRICT_OBJC_MSGSEND = YES;
				ENABLE_TESTABILITY = YES;
				ENABLE_USER_SCRIPT_SANDBOXING = YES;
				GCC_C_LANGUAGE_STANDARD = gnu17;
				GCC_DYNAMIC_NO_PIC = NO;
				GCC_NO_COMMON_BLOCKS = YES;
				GCC_OPTIMIZATION_LEVEL = 0;
				GCC_PREPROCESSOR_DEFINITIONS = (
					"DEBUG=1",
					"$(inherited)",
				);
				GCC_WARN_64_TO_32_BIT_CONVERSION = YES;
				GCC_WARN_ABOUT_RETURN_TYPE = YES_ERROR;
				GCC_WARN_UNDECLARED_SELECTOR = YES;
				GCC_WARN_UNINITIALIZED_AUTOS = YES_AGGRESSIVE;
				GCC_WARN_UNUSED_FUNCTION = YES;
				GCC_WARN_UNUSED_VARIABLE = YES;
				IPHONEOS_DEPLOYMENT_TARGET = 17.2;
				LOCALIZATION_PREFERS_STRING_CATALOGS = YES;
				MTL_ENABLE_DEBUG_INFO = INCLUDE_SOURCE;
				MTL_FAST_MATH = YES;
				ONLY_ACTIVE_ARCH = YES;
				SDKROOT = iphoneos;
				SWIFT_ACTIVE_COMPILATION_CONDITIONS = "DEBUG $(inherited)";
				SWIFT_OPTIMIZATION_LEVEL = "-Onone";
			};
			name = Debug;
		};
		FCA2F8522B8CEF4900D6C12F /* Release */ = {
			isa = XCBuildConfiguration;
			buildSettings = {
				ALWAYS_SEARCH_USER_PATHS = NO;
				ASSETCATALOG_COMPILER_GENERATE_SWIFT_ASSET_SYMBOL_EXTENSIONS = YES;
				CLANG_ANALYZER_NONNULL = YES;
				CLANG_ANALYZER_NUMBER_OBJECT_CONVERSION = YES_AGGRESSIVE;
				CLANG_CXX_LANGUAGE_STANDARD = "gnu++20";
				CLANG_ENABLE_MODULES = YES;
				CLANG_ENABLE_OBJC_ARC = YES;
				CLANG_ENABLE_OBJC_WEAK = YES;
				CLANG_WARN_BLOCK_CAPTURE_AUTORELEASING = YES;
				CLANG_WARN_BOOL_CONVERSION = YES;
				CLANG_WARN_COMMA = YES;
				CLANG_WARN_CONSTANT_CONVERSION = YES;
				CLANG_WARN_DEPRECATED_OBJC_IMPLEMENTATIONS = YES;
				CLANG_WARN_DIRECT_OBJC_ISA_USAGE = YES_ERROR;
				CLANG_WARN_DOCUMENTATION_COMMENTS = YES;
				CLANG_WARN_EMPTY_BODY = YES;
				CLANG_WARN_ENUM_CONVERSION = YES;
				CLANG_WARN_INFINITE_RECURSION = YES;
				CLANG_WARN_INT_CONVERSION = YES;
				CLANG_WARN_NON_LITERAL_NULL_CONVERSION = YES;
				CLANG_WARN_OBJC_IMPLICIT_RETAIN_SELF = YES;
				CLANG_WARN_OBJC_LITERAL_CONVERSION = YES;
				CLANG_WARN_OBJC_ROOT_CLASS = YES_ERROR;
				CLANG_WARN_QUOTED_INCLUDE_IN_FRAMEWORK_HEADER = YES;
				CLANG_WARN_RANGE_LOOP_ANALYSIS = YES;
				CLANG_WARN_STRICT_PROTOTYPES = YES;
				CLANG_WARN_SUSPICIOUS_MOVE = YES;
				CLANG_WARN_UNGUARDED_AVAILABILITY = YES_AGGRESSIVE;
				CLANG_WARN_UNREACHABLE_CODE = YES;
				CLANG_WARN__DUPLICATE_METHOD_MATCH = YES;
				COPY_PHASE_STRIP = NO;
				DEBUG_INFORMATION_FORMAT = "dwarf-with-dsym";
				ENABLE_NS_ASSERTIONS = NO;
				ENABLE_STRICT_OBJC_MSGSEND = YES;
				ENABLE_USER_SCRIPT_SANDBOXING = YES;
				GCC_C_LANGUAGE_STANDARD = gnu17;
				GCC_NO_COMMON_BLOCKS = YES;
				GCC_WARN_64_TO_32_BIT_CONVERSION = YES;
				GCC_WARN_ABOUT_RETURN_TYPE = YES_ERROR;
				GCC_WARN_UNDECLARED_SELECTOR = YES;
				GCC_WARN_UNINITIALIZED_AUTOS = YES_AGGRESSIVE;
				GCC_WARN_UNUSED_FUNCTION = YES;
				GCC_WARN_UNUSED_VARIABLE = YES;
				IPHONEOS_DEPLOYMENT_TARGET = 17.2;
				LOCALIZATION_PREFERS_STRING_CATALOGS = YES;
				MTL_ENABLE_DEBUG_INFO = NO;
				MTL_FAST_MATH = YES;
				SDKROOT = iphoneos;
				SWIFT_COMPILATION_MODE = wholemodule;
				VALIDATE_PRODUCT = YES;
			};
			name = Release;
		};
		FCA2F8542B8CEF4900D6C12F /* Debug */ = {
			isa = XCBuildConfiguration;
			buildSettings = {
				ASSETCATALOG_COMPILER_APPICON_NAME = AppIcon;
				ASSETCATALOG_COMPILER_GLOBAL_ACCENT_COLOR_NAME = AccentColor;
				CODE_SIGN_STYLE = Automatic;
				CURRENT_PROJECT_VERSION = 1;
				GENERATE_INFOPLIST_FILE = YES;
				INFOPLIST_FILE = NYTimes/Info.plist;
				INFOPLIST_KEY_UIApplicationSupportsIndirectInputEvents = YES;
				INFOPLIST_KEY_UILaunchStoryboardName = LaunchScreen;
				INFOPLIST_KEY_UIMainStoryboardFile = Main;
				INFOPLIST_KEY_UISupportedInterfaceOrientations_iPad = "UIInterfaceOrientationPortrait UIInterfaceOrientationPortraitUpsideDown UIInterfaceOrientationLandscapeLeft UIInterfaceOrientationLandscapeRight";
				INFOPLIST_KEY_UISupportedInterfaceOrientations_iPhone = "UIInterfaceOrientationPortrait UIInterfaceOrientationLandscapeLeft UIInterfaceOrientationLandscapeRight";
				LD_RUNPATH_SEARCH_PATHS = (
					"$(inherited)",
					"@executable_path/Frameworks",
				);
				MARKETING_VERSION = 1.0;
				PRODUCT_BUNDLE_IDENTIFIER = nag.NYTimes;
				PRODUCT_NAME = "$(TARGET_NAME)";
				SWIFT_EMIT_LOC_STRINGS = YES;
				SWIFT_VERSION = 5.0;
				TARGETED_DEVICE_FAMILY = "1,2";
			};
			name = Debug;
		};
		FCA2F8552B8CEF4900D6C12F /* Release */ = {
			isa = XCBuildConfiguration;
			buildSettings = {
				ASSETCATALOG_COMPILER_APPICON_NAME = AppIcon;
				ASSETCATALOG_COMPILER_GLOBAL_ACCENT_COLOR_NAME = AccentColor;
				CODE_SIGN_STYLE = Automatic;
				CURRENT_PROJECT_VERSION = 1;
				GENERATE_INFOPLIST_FILE = YES;
				INFOPLIST_FILE = NYTimes/Info.plist;
				INFOPLIST_KEY_UIApplicationSupportsIndirectInputEvents = YES;
				INFOPLIST_KEY_UILaunchStoryboardName = LaunchScreen;
				INFOPLIST_KEY_UIMainStoryboardFile = Main;
				INFOPLIST_KEY_UISupportedInterfaceOrientations_iPad = "UIInterfaceOrientationPortrait UIInterfaceOrientationPortraitUpsideDown UIInterfaceOrientationLandscapeLeft UIInterfaceOrientationLandscapeRight";
				INFOPLIST_KEY_UISupportedInterfaceOrientations_iPhone = "UIInterfaceOrientationPortrait UIInterfaceOrientationLandscapeLeft UIInterfaceOrientationLandscapeRight";
				LD_RUNPATH_SEARCH_PATHS = (
					"$(inherited)",
					"@executable_path/Frameworks",
				);
				MARKETING_VERSION = 1.0;
				PRODUCT_BUNDLE_IDENTIFIER = nag.NYTimes;
				PRODUCT_NAME = "$(TARGET_NAME)";
				SWIFT_EMIT_LOC_STRINGS = YES;
				SWIFT_VERSION = 5.0;
				TARGETED_DEVICE_FAMILY = "1,2";
			};
			name = Release;
		};
		FCA2F8572B8CEF4900D6C12F /* Debug */ = {
			isa = XCBuildConfiguration;
			buildSettings = {
				ALWAYS_EMBED_SWIFT_STANDARD_LIBRARIES = YES;
				BUNDLE_LOADER = "$(TEST_HOST)";
				CODE_SIGN_STYLE = Automatic;
				CURRENT_PROJECT_VERSION = 1;
				GENERATE_INFOPLIST_FILE = YES;
				IPHONEOS_DEPLOYMENT_TARGET = 17.2;
				MARKETING_VERSION = 1.0;
				PRODUCT_BUNDLE_IDENTIFIER = nag.NYTimesTests;
				PRODUCT_NAME = "$(TARGET_NAME)";
				SWIFT_EMIT_LOC_STRINGS = NO;
				SWIFT_VERSION = 5.0;
				TARGETED_DEVICE_FAMILY = "1,2";
				TEST_HOST = "$(BUILT_PRODUCTS_DIR)/NYTimes.app/$(BUNDLE_EXECUTABLE_FOLDER_PATH)/NYTimes";
			};
			name = Debug;
		};
		FCA2F8582B8CEF4900D6C12F /* Release */ = {
			isa = XCBuildConfiguration;
			buildSettings = {
				ALWAYS_EMBED_SWIFT_STANDARD_LIBRARIES = YES;
				BUNDLE_LOADER = "$(TEST_HOST)";
				CODE_SIGN_STYLE = Automatic;
				CURRENT_PROJECT_VERSION = 1;
				GENERATE_INFOPLIST_FILE = YES;
				IPHONEOS_DEPLOYMENT_TARGET = 17.2;
				MARKETING_VERSION = 1.0;
				PRODUCT_BUNDLE_IDENTIFIER = nag.NYTimesTests;
				PRODUCT_NAME = "$(TARGET_NAME)";
				SWIFT_EMIT_LOC_STRINGS = NO;
				SWIFT_VERSION = 5.0;
				TARGETED_DEVICE_FAMILY = "1,2";
				TEST_HOST = "$(BUILT_PRODUCTS_DIR)/NYTimes.app/$(BUNDLE_EXECUTABLE_FOLDER_PATH)/NYTimes";
			};
			name = Release;
		};
		FCA2F85A2B8CEF4900D6C12F /* Debug */ = {
			isa = XCBuildConfiguration;
			buildSettings = {
				ALWAYS_EMBED_SWIFT_STANDARD_LIBRARIES = YES;
				CODE_SIGN_STYLE = Automatic;
				CURRENT_PROJECT_VERSION = 1;
				GENERATE_INFOPLIST_FILE = YES;
				MARKETING_VERSION = 1.0;
				PRODUCT_BUNDLE_IDENTIFIER = nag.NYTimesUITests;
				PRODUCT_NAME = "$(TARGET_NAME)";
				SWIFT_EMIT_LOC_STRINGS = NO;
				SWIFT_VERSION = 5.0;
				TARGETED_DEVICE_FAMILY = "1,2";
				TEST_TARGET_NAME = NYTimes;
			};
			name = Debug;
		};
		FCA2F85B2B8CEF4900D6C12F /* Release */ = {
			isa = XCBuildConfiguration;
			buildSettings = {
				ALWAYS_EMBED_SWIFT_STANDARD_LIBRARIES = YES;
				CODE_SIGN_STYLE = Automatic;
				CURRENT_PROJECT_VERSION = 1;
				GENERATE_INFOPLIST_FILE = YES;
				MARKETING_VERSION = 1.0;
				PRODUCT_BUNDLE_IDENTIFIER = nag.NYTimesUITests;
				PRODUCT_NAME = "$(TARGET_NAME)";
				SWIFT_EMIT_LOC_STRINGS = NO;
				SWIFT_VERSION = 5.0;
				TARGETED_DEVICE_FAMILY = "1,2";
				TEST_TARGET_NAME = NYTimes;
			};
			name = Release;
		};
/* End XCBuildConfiguration section */

/* Begin XCConfigurationList section */
		FCA2F8242B8CEF4700D6C12F /* Build configuration list for PBXProject "NYTimes" */ = {
			isa = XCConfigurationList;
			buildConfigurations = (
				FCA2F8512B8CEF4900D6C12F /* Debug */,
				FCA2F8522B8CEF4900D6C12F /* Release */,
			);
			defaultConfigurationIsVisible = 0;
			defaultConfigurationName = Release;
		};
		FCA2F8532B8CEF4900D6C12F /* Build configuration list for PBXNativeTarget "NYTimes" */ = {
			isa = XCConfigurationList;
			buildConfigurations = (
				FCA2F8542B8CEF4900D6C12F /* Debug */,
				FCA2F8552B8CEF4900D6C12F /* Release */,
			);
			defaultConfigurationIsVisible = 0;
			defaultConfigurationName = Release;
		};
		FCA2F8562B8CEF4900D6C12F /* Build configuration list for PBXNativeTarget "NYTimesTests" */ = {
			isa = XCConfigurationList;
			buildConfigurations = (
				FCA2F8572B8CEF4900D6C12F /* Debug */,
				FCA2F8582B8CEF4900D6C12F /* Release */,
			);
			defaultConfigurationIsVisible = 0;
			defaultConfigurationName = Release;
		};
		FCA2F8592B8CEF4900D6C12F /* Build configuration list for PBXNativeTarget "NYTimesUITests" */ = {
			isa = XCConfigurationList;
			buildConfigurations = (
				FCA2F85A2B8CEF4900D6C12F /* Debug */,
				FCA2F85B2B8CEF4900D6C12F /* Release */,
			);
			defaultConfigurationIsVisible = 0;
			defaultConfigurationName = Release;
		};
/* End XCConfigurationList section */
	};
	rootObject = FCA2F8212B8CEF4700D6C12F /* Project object */;
}
